{
  "name": "js-learn",
  "version": "0.1.0",
  "lockfileVersion": 1,
  "requires": true,
  "dependencies": {
    "colors": {
      "version": "0.6.2",
      "resolved": "https://registry.npm.taobao.org/colors/download/colors-0.6.2.tgz",
      "integrity": "sha1-JCP+ZnisDF2uiFLl0OW+CMmXq8w=",
      "dev": true
    },
    "commander": {
      "version": "2.1.0",
      "resolved": "https://registry.npmmirror.com/commander/download/commander-2.1.0.tgz?cache=0&sync_timestamp=1634886357672&other_urls=https%3A%2F%2Fregistry.npmmirror.com%2Fcommander%2Fdownload%2Fcommander-2.1.0.tgz",
      "integrity": "sha1-0SG7roYNmZKj1Re6lvVliOR8Z4E=",
      "dev": true
    },
    "conventional-commit-types": {
      "version": "2.3.0",
      "resolved": "https://registry.nlark.com/conventional-commit-types/download/conventional-commit-types-2.3.0.tgz",
      "integrity": "sha1-vDyOu6Cp5LPsxUjx0GdOJRq4viI=",
      "dev": true
    },
    "find-parent-dir": {
      "version": "0.3.1",
      "resolved": "https://registry.nlark.com/find-parent-dir/download/find-parent-dir-0.3.1.tgz",
      "integrity": "sha1-xcOFuWhYwzUfldRGyrhmy/nxESU=",
      "dev": true
    },
    "findup": {
      "version": "0.1.5",
      "resolved": "https://registry.nlark.com/findup/download/findup-0.1.5.tgz",
      "integrity": "sha1-itkpozk7rGJ5V6fl3kYjsGsOLOs=",
      "dev": true,
      "requires": {
        "colors": "~0.6.0-1",
        "commander": "~2.1.0"
      }
    },
    "semver-regex": {
      "version": "1.0.0",
      "resolved": "https://registry.npmmirror.com/semver-regex/download/semver-regex-1.0.0.tgz",
      "integrity": "sha1-kqSWkGX5xwxpR1PVUkj8aPj2Usk=",
      "dev": true
    },
    "validate-commit-msg": {
      "version": "2.14.0",
      "resolved": "https://registry.npmmirror.com/validate-commit-msg/download/validate-commit-msg-2.14.0.tgz",
      "integrity": "sha1-5Tg2kQEsuycNzAvCpO/+vhSJDqw=",
      "dev": true,
      "requires": {
        "conventional-commit-types": "^2.0.0",
        "find-parent-dir": "^0.3.0",
        "findup": "0.1.5",
        "semver-regex": "1.0.0"
      }
    }
  }
}
